
Microsoft Visual Studio Solution File, Format Version 12.00
# Visual Studio 2017
Project("{FAE04EC0-301F-11D3-BF4B-00C04F79EFBC}") = "FutureRacing.Plugins", "FutureRacing.Plugins.csproj", "{94EC36D3-BDFF-BDCF-1AFD-C575689E730E}"
EndProject
Project("{FAE04EC0-301F-11D3-BF4B-00C04F79EFBC}") = "FutureRacing", "FutureRacing.csproj", "{87EDA08A-F710-BBBA-A58D-BF7BF85AF819}"
EndProject
Project("{FAE04EC0-301F-11D3-BF4B-00C04F79EFBC}") = "FutureRacing.Editor.Plugins", "FutureRacing.Editor.Plugins.csproj", "{B14B2A0E-6899-7755-52F6-DE801D87F161}"
EndProject
Global
	GlobalSection(SolutionConfigurationPlatforms) = preSolution
		Debug|Any CPU = Debug|Any CPU
		Release|Any CPU = Release|Any CPU
	EndGlobalSection
	GlobalSection(ProjectConfigurationPlatforms) = postSolution
		{94EC36D3-BDFF-BDCF-1AFD-C575689E730E}.Debug|Any CPU.ActiveCfg = Debug|Any CPU
		{94EC36D3-BDFF-BDCF-1AFD-C575689E730E}.Debug|Any CPU.Build.0 = Debug|Any CPU
		{94EC36D3-BDFF-BDCF-1AFD-C575689E730E}.Release|Any CPU.ActiveCfg = Release|Any CPU
		{94EC36D3-BDFF-BDCF-1AFD-C575689E730E}.Release|Any CPU.Build.0 = Release|Any CPU
		{87EDA08A-F710-BBBA-A58D-BF7BF85AF819}.Debug|Any CPU.ActiveCfg = Debug|Any CPU
		{87EDA08A-F710-BBBA-A58D-BF7BF85AF819}.Debug|Any CPU.Build.0 = Debug|Any CPU
		{87EDA08A-F710-BBBA-A58D-BF7BF85AF819}.Release|Any CPU.ActiveCfg = Release|Any CPU
		{87EDA08A-F710-BBBA-A58D-BF7BF85AF819}.Release|Any CPU.Build.0 = Release|Any CPU
		{B14B2A0E-6899-7755-52F6-DE801D87F161}.Debug|Any CPU.ActiveCfg = Debug|Any CPU
		{B14B2A0E-6899-7755-52F6-DE801D87F161}.Debug|Any CPU.Build.0 = Debug|Any CPU
		{B14B2A0E-6899-7755-52F6-DE801D87F161}.Release|Any CPU.ActiveCfg = Release|Any CPU
		{B14B2A0E-6899-7755-52F6-DE801D87F161}.Release|Any CPU.Build.0 = Release|Any CPU
	EndGlobalSection
	GlobalSection(SolutionProperties) = preSolution
		HideSolutionNode = FALSE
	EndGlobalSection
EndGlobal
